
Microsoft Visual Studio Solution File, Format Version 12.00
# Visual Studio Version 16
VisualStudioVersion = 16.0.30225.117
MinimumVisualStudioVersion = 10.0.40219.1
Project("{9A19103F-16F7-4668-BE54-9A1E7A4F7556}") = "webapitutorial", "webapitutorial\webapitutorial.csproj", "{44410BAA-03D8-42C6-B066-4D29F85D9294}"
EndProject
Project("{FAE04EC0-301F-11D3-BF4B-00C04F79EFBC}") = "webapitutorial.tests", "webapitutorial.tests\webapitutorial.tests.csproj", "{4A44BEF7-BABB-45ED-85EA-589F77688627}"
EndProject
Global
	GlobalSection(SolutionConfigurationPlatforms) = preSolution
		Debug|Any CPU = Debug|Any CPU
		Release|Any CPU = Release|Any CPU
	EndGlobalSection
	GlobalSection(ProjectConfigurationPlatforms) = postSolution
		{44410BAA-03D8-42C6-B066-4D29F85D9294}.Debug|Any CPU.ActiveCfg = Debug|Any CPU
		{44410BAA-03D8-42C6-B066-4D29F85D9294}.Debug|Any CPU.Build.0 = Debug|Any CPU
		{44410BAA-03D8-42C6-B066-4D29F85D9294}.Release|Any CPU.ActiveCfg = Release|Any CPU
		{44410BAA-03D8-42C6-B066-4D29F85D9294}.Release|Any CPU.Build.0 = Release|Any CPU
		{4A44BEF7-BABB-45ED-85EA-589F77688627}.Debug|Any CPU.ActiveCfg = Debug|Any CPU
		{4A44BEF7-BABB-45ED-85EA-589F77688627}.Debug|Any CPU.Build.0 = Debug|Any CPU
		{4A44BEF7-BABB-45ED-85EA-589F77688627}.Release|Any CPU.ActiveCfg = Release|Any CPU
		{4A44BEF7-BABB-45ED-85EA-589F77688627}.Release|Any CPU.Build.0 = Release|Any CPU
	EndGlobalSection
	GlobalSection(SolutionProperties) = preSolution
		HideSolutionNode = FALSE
	EndGlobalSection
	GlobalSection(ExtensibilityGlobals) = postSolution
		SolutionGuid = {24845FAF-466E-422B-80DE-6046D7FC8CFA}
	EndGlobalSection
EndGlobal
